
Microsoft Visual Studio Solution File, Format Version 11.00
# Visual Studio 2010
Project("{FAE04EC0-301F-11D3-BF4B-00C04F79EFBC}") = "WEB 460", "WEB 460\WEB 460.csproj", "{C14DF77A-32F9-4FAB-98BA-A240466B3FD5}"
EndProject
Project("{FAE04EC0-301F-11D3-BF4B-00C04F79EFBC}") = "clsBusinessLayer", "clsBusinessLayer\clsBusinessLayer.csproj", "{40C07AE6-26E6-4E43-B67A-6B4A2AF5009C}"
EndProject
Project("{FAE04EC0-301F-11D3-BF4B-00C04F79EFBC}") = "clsWebServices2", "clsWebServices2\clsWebServices2.csproj", "{5AE35EA3-1BBF-47C6-A621-4F850C08A98F}"
EndProject
Project("{FAE04EC0-301F-11D3-BF4B-00C04F79EFBC}") = "clsDataLayer", "clsDataLayer\clsDataLayer.csproj", "{B89035E7-5B48-4005-8E27-F12E1710B652}"
EndProject
Global
	GlobalSection(SolutionConfigurationPlatforms) = preSolution
		Debug|Any CPU = Debug|Any CPU
		Release|Any CPU = Release|Any CPU
	EndGlobalSection
	GlobalSection(ProjectConfigurationPlatforms) = postSolution
		{C14DF77A-32F9-4FAB-98BA-A240466B3FD5}.Debug|Any CPU.ActiveCfg = Debug|Any CPU
		{C14DF77A-32F9-4FAB-98BA-A240466B3FD5}.Debug|Any CPU.Build.0 = Debug|Any CPU
		{C14DF77A-32F9-4FAB-98BA-A240466B3FD5}.Release|Any CPU.ActiveCfg = Release|Any CPU
		{C14DF77A-32F9-4FAB-98BA-A240466B3FD5}.Release|Any CPU.Build.0 = Release|Any CPU
		{40C07AE6-26E6-4E43-B67A-6B4A2AF5009C}.Debug|Any CPU.ActiveCfg = Debug|Any CPU
		{40C07AE6-26E6-4E43-B67A-6B4A2AF5009C}.Debug|Any CPU.Build.0 = Debug|Any CPU
		{40C07AE6-26E6-4E43-B67A-6B4A2AF5009C}.Release|Any CPU.ActiveCfg = Release|Any CPU
		{40C07AE6-26E6-4E43-B67A-6B4A2AF5009C}.Release|Any CPU.Build.0 = Release|Any CPU
		{5AE35EA3-1BBF-47C6-A621-4F850C08A98F}.Debug|Any CPU.ActiveCfg = Debug|Any CPU
		{5AE35EA3-1BBF-47C6-A621-4F850C08A98F}.Debug|Any CPU.Build.0 = Debug|Any CPU
		{5AE35EA3-1BBF-47C6-A621-4F850C08A98F}.Release|Any CPU.ActiveCfg = Release|Any CPU
		{5AE35EA3-1BBF-47C6-A621-4F850C08A98F}.Release|Any CPU.Build.0 = Release|Any CPU
		{B89035E7-5B48-4005-8E27-F12E1710B652}.Debug|Any CPU.ActiveCfg = Debug|Any CPU
		{B89035E7-5B48-4005-8E27-F12E1710B652}.Debug|Any CPU.Build.0 = Debug|Any CPU
		{B89035E7-5B48-4005-8E27-F12E1710B652}.Release|Any CPU.ActiveCfg = Release|Any CPU
		{B89035E7-5B48-4005-8E27-F12E1710B652}.Release|Any CPU.Build.0 = Release|Any CPU
	EndGlobalSection
	GlobalSection(SolutionProperties) = preSolution
		HideSolutionNode = FALSE
	EndGlobalSection
EndGlobal
